# This file is automatically @generated by Cargo.
# It is not intended for manual editing.
version = 4

[[package]]
name = "dm_graindelay"
version = "0.1.0"
dependencies = [
 "grain_delay",
 "lv2",
]

[[package]]
name = "fastrand"
version = "2.3.0"
source = "registry+https://github.com/rust-lang/crates.io-index"
checksum = "37909eebbb50d72f9059c3b6d82c0463f2ff062c9e95845c43a6c9c0355411be"

[[package]]
name = "grain_delay"
version = "0.1.0"
dependencies = [
 "fastrand",
]

[[package]]
name = "lv2"
version = "0.6.0"
source = "git+https://github.com/davemollen/rust-lv2.git#849cf0983fd8babfe64c55422d3b1905f281b82c"
dependencies = [
 "lv2-atom",
 "lv2-core",
 "lv2-midi",
 "lv2-units",
 "lv2-urid",
 "urid",
]

[[package]]
name = "lv2-atom"
version = "2.0.0"
source = "git+https://github.com/davemollen/rust-lv2.git#849cf0983fd8babfe64c55422d3b1905f281b82c"
dependencies = [
 "lv2-core",
 "lv2-sys",
 "lv2-units",
 "urid",
]

[[package]]
name = "lv2-core"
version = "3.0.0"
source = "git+https://github.com/davemollen/rust-lv2.git#849cf0983fd8babfe64c55422d3b1905f281b82c"
dependencies = [
 "lv2-core-derive",
 "lv2-sys",
 "urid",
]

[[package]]
name = "lv2-core-derive"
version = "2.1.1"
source = "git+https://github.com/davemollen/rust-lv2.git#849cf0983fd8babfe64c55422d3b1905f281b82c"
dependencies = [
 "proc-macro2",
 "quote",
 "syn",
]

[[package]]
name = "lv2-midi"
version = "1.2.0"
source = "git+https://github.com/davemollen/rust-lv2.git#849cf0983fd8babfe64c55422d3b1905f281b82c"
dependencies = [
 "lv2-atom",
 "lv2-sys",
 "urid",
 "wmidi",
]

[[package]]
name = "lv2-sys"
version = "2.0.0"
source = "git+https://github.com/davemollen/rust-lv2.git#849cf0983fd8babfe64c55422d3b1905f281b82c"

[[package]]
name = "lv2-units"
version = "0.1.3"
source = "git+https://github.com/davemollen/rust-lv2.git#849cf0983fd8babfe64c55422d3b1905f281b82c"
dependencies = [
 "lv2-sys",
 "urid",
]

[[package]]
name = "lv2-urid"
version = "2.1.0"
source = "git+https://github.com/davemollen/rust-lv2.git#849cf0983fd8babfe64c55422d3b1905f281b82c"
dependencies = [
 "lv2-core",
 "lv2-sys",
 "urid",
]

[[package]]
name = "proc-macro2"
version = "1.0.92"
source = "registry+https://github.com/rust-lang/crates.io-index"
checksum = "37d3544b3f2748c54e147655edb5025752e2303145b5aefb3c3ea2c78b973bb0"
dependencies = [
 "unicode-ident",
]

[[package]]
name = "quote"
version = "1.0.38"
source = "registry+https://github.com/rust-lang/crates.io-index"
checksum = "0e4dccaaaf89514f546c693ddc140f729f958c247918a13380cccc6078391acc"
dependencies = [
 "proc-macro2",
]

[[package]]
name = "syn"
version = "1.0.109"
source = "registry+https://github.com/rust-lang/crates.io-index"
checksum = "72b64191b275b66ffe2469e8af2c1cfe3bafa67b529ead792a6d0160888b4237"
dependencies = [
 "proc-macro2",
 "quote",
 "unicode-ident",
]

[[package]]
name = "unicode-ident"
version = "1.0.14"
source = "registry+https://github.com/rust-lang/crates.io-index"
checksum = "adb9e6ca4f869e1180728b7950e35922a7fc6397f7b641499e8f3ef06e50dc83"

[[package]]
name = "urid"
version = "0.1.0"
source = "git+https://github.com/davemollen/rust-lv2.git#849cf0983fd8babfe64c55422d3b1905f281b82c"
dependencies = [
 "urid-derive",
]

[[package]]
name = "urid-derive"
version = "0.1.1"
source = "git+https://github.com/davemollen/rust-lv2.git#849cf0983fd8babfe64c55422d3b1905f281b82c"
dependencies = [
 "proc-macro2",
 "quote",
 "syn",
]

[[package]]
name = "wmidi"
version = "3.1.0"
source = "registry+https://github.com/rust-lang/crates.io-index"
checksum = "ca299959bb6d529c2bee3feb517899959da3052c4a29eea0a8ff568b825eb6cf"
